# THIS IS AN AUTOGENERATED FILE. DO NOT EDIT THIS FILE DIRECTLY.
# yarn lockfile v1


"@tsconfig/node18@^2.0.0":
  version "2.0.0"
  resolved "https://registry.yarnpkg.com/@tsconfig/node18/-/node18-2.0.0.tgz#58b52430d00913dc26c4459fbc7f05396e47886a"
  integrity sha512-uI/B0ShkiEwTk036pncXucVlj4y11EW6mycQvCEzC1PkR2TBvdQZ5Wf96dp+XXWAc70FEDfvwTqanoaDpP6rPw==

"@types/node@^18.16.0":
  version "18.16.5"
  resolved "https://registry.yarnpkg.com/@types/node/-/node-18.16.5.tgz#bf64e42719dc2e74da24709a2e1c0b50a966120a"
  integrity sha512-seOA34WMo9KB+UA78qaJoCO20RJzZGVXQ5Sh6FWu0g/hfT44nKXnej3/tCQl7FL97idFpBhisLYCTB50S0EirA==

typescript@^5.0.4:
  version "5.0.4"
  resolved "https://registry.yarnpkg.com/typescript/-/typescript-5.0.4.tgz#b217fd20119bd61a94d4011274e0ab369058da3b"
  integrity sha512-cW9T5W9xY37cc+jfEnaUvX91foxtHkza3Nw3wkoF4sSlKn0MONdkdEndig/qPBWXNkmplh3NzayQzCiHM4/hqw==
